
Microsoft Visual Studio Solution File, Format Version 12.00
# Visual Studio Version 17
VisualStudioVersion = 17.11.35222.181
MinimumVisualStudioVersion = 10.0.40219.1
Project("{FAE04EC0-301F-11D3-BF4B-00C04F79EFBC}") = "UVSSolution", "UVSSolution\UVSSolution.csproj", "{10567EA5-D1C8-4825-8200-230FED499CD4}"
EndProject
Global
	GlobalSection(SolutionConfigurationPlatforms) = preSolution
		Debug|Any CPU = Debug|Any CPU
		Release|Any CPU = Release|Any CPU
	EndGlobalSection
	GlobalSection(ProjectConfigurationPlatforms) = postSolution
		{10567EA5-D1C8-4825-8200-230FED499CD4}.Debug|Any CPU.ActiveCfg = Debug|Any CPU
		{10567EA5-D1C8-4825-8200-230FED499CD4}.Debug|Any CPU.Build.0 = Debug|Any CPU
		{10567EA5-D1C8-4825-8200-230FED499CD4}.Release|Any CPU.ActiveCfg = Release|Any CPU
		{10567EA5-D1C8-4825-8200-230FED499CD4}.Release|Any CPU.Build.0 = Release|Any CPU
	EndGlobalSection
	GlobalSection(SolutionProperties) = preSolution
		HideSolutionNode = FALSE
	EndGlobalSection
	GlobalSection(ExtensibilityGlobals) = postSolution
		SolutionGuid = {4F9A5910-09B7-4552-A192-BE5C9B942598}
	EndGlobalSection
EndGlobal
